
Microsoft Visual Studio Solution File, Format Version 12.00
# Visual Studio Version 16
VisualStudioVersion = 16.0.31321.278
MinimumVisualStudioVersion = 10.0.40219.1
Project("{FAE04EC0-301F-11D3-BF4B-00C04F79EFBC}") = "ExamenFinalDS2", "ExamenFinalDS2.csproj", "{538ACD46-B359-43E6-BDD6-A0A75542E9D8}"
EndProject
Global
	GlobalSection(SolutionConfigurationPlatforms) = preSolution
		Debug|Any CPU = Debug|Any CPU
		Release|Any CPU = Release|Any CPU
	EndGlobalSection
	GlobalSection(ProjectConfigurationPlatforms) = postSolution
		{538ACD46-B359-43E6-BDD6-A0A75542E9D8}.Debug|Any CPU.ActiveCfg = Debug|Any CPU
		{538ACD46-B359-43E6-BDD6-A0A75542E9D8}.Debug|Any CPU.Build.0 = Debug|Any CPU
		{538ACD46-B359-43E6-BDD6-A0A75542E9D8}.Release|Any CPU.ActiveCfg = Release|Any CPU
		{538ACD46-B359-43E6-BDD6-A0A75542E9D8}.Release|Any CPU.Build.0 = Release|Any CPU
	EndGlobalSection
	GlobalSection(SolutionProperties) = preSolution
		HideSolutionNode = FALSE
	EndGlobalSection
	GlobalSection(ExtensibilityGlobals) = postSolution
		SolutionGuid = {025FD391-90B7-40DA-8B88-A8384750A4C1}
	EndGlobalSection
EndGlobal
